// !$*UTF8*$!
{
	archiveVersion = 1;
	classes = {
	};
	objectVersion = 60;
	objects = {

/* Begin PBXBuildFile section */
		8555C14D2C42B767003F34A5 /* PlacesApp.swift in Sources */ = {isa = PBXBuildFile; fileRef = 8555C14C2C42B767003F34A5 /* PlacesApp.swift */; };
		8555C14F2C42B767003F34A5 /* ContentView.swift in Sources */ = {isa = PBXBuildFile; fileRef = 8555C14E2C42B767003F34A5 /* ContentView.swift */; };
		8555C1512C42B768003F34A5 /* Assets.xcassets in Resources */ = {isa = PBXBuildFile; fileRef = 8555C1502C42B768003F34A5 /* Assets.xcassets */; };
		8555C1542C42B768003F34A5 /* Preview Assets.xcassets in Resources */ = {isa = PBXBuildFile; fileRef = 8555C1532C42B768003F34A5 /* Preview Assets.xcassets */; };
		8555C1652C42CDC7003F34A5 /* DependenciesProvider.swift in Sources */ = {isa = PBXBuildFile; fileRef = 8555C1642C42CDC7003F34A5 /* DependenciesProvider.swift */; };
		8555C1682C42D701003F34A5 /* LocationsViewModel.swift in Sources */ = {isa = PBXBuildFile; fileRef = 8555C1672C42D701003F34A5 /* LocationsViewModel.swift */; };
		8555C18B2C442811003F34A5 /* LocationsViewModelTests.swift in Sources */ = {isa = PBXBuildFile; fileRef = 8555C18A2C442811003F34A5 /* LocationsViewModelTests.swift */; };
		8555C1912C4438F6003F34A5 /* OpenLocationView.swift in Sources */ = {isa = PBXBuildFile; fileRef = 8555C1902C4438F6003F34A5 /* OpenLocationView.swift */; };
		8555C19B2C4453A4003F34A5 /* PlacesData in Frameworks */ = {isa = PBXBuildFile; productRef = 8555C19A2C4453A4003F34A5 /* PlacesData */; };
		8555C19E2C4457CD003F34A5 /* PlacesUI in Frameworks */ = {isa = PBXBuildFile; productRef = 8555C19D2C4457CD003F34A5 /* PlacesUI */; };
		8555C1A12C445AF1003F34A5 /* PlacesData in Frameworks */ = {isa = PBXBuildFile; productRef = 8555C1A02C445AF1003F34A5 /* PlacesData */; };
		8555C1A32C445E36003F34A5 /* PlacesDataMocks in Frameworks */ = {isa = PBXBuildFile; productRef = 8555C1A22C445E36003F34A5 /* PlacesDataMocks */; };
		8555C1AB2C454D32003F34A5 /* PlistReader in Frameworks */ = {isa = PBXBuildFile; productRef = 8555C1AA2C454D32003F34A5 /* PlistReader */; };
/* End PBXBuildFile section */

/* Begin PBXContainerItemProxy section */
		8555C1732C440568003F34A5 /* PBXContainerItemProxy */ = {
			isa = PBXContainerItemProxy;
			containerPortal = 8555C1412C42B767003F34A5 /* Project object */;
			proxyType = 1;
			remoteGlobalIDString = 8555C1482C42B767003F34A5;
			remoteInfo = Places;
		};
/* End PBXContainerItemProxy section */

/* Begin PBXFileReference section */
		8555C1492C42B767003F34A5 /* Places.app */ = {isa = PBXFileReference; explicitFileType = wrapper.application; includeInIndex = 0; path = Places.app; sourceTree = BUILT_PRODUCTS_DIR; };
		8555C14C2C42B767003F34A5 /* PlacesApp.swift */ = {isa = PBXFileReference; lastKnownFileType = sourcecode.swift; path = PlacesApp.swift; sourceTree = "<group>"; };
		8555C14E2C42B767003F34A5 /* ContentView.swift */ = {isa = PBXFileReference; lastKnownFileType = sourcecode.swift; path = ContentView.swift; sourceTree = "<group>"; };
		8555C1502C42B768003F34A5 /* Assets.xcassets */ = {isa = PBXFileReference; lastKnownFileType = folder.assetcatalog; path = Assets.xcassets; sourceTree = "<group>"; };
		8555C1532C42B768003F34A5 /* Preview Assets.xcassets */ = {isa = PBXFileReference; lastKnownFileType = folder.assetcatalog; path = "Preview Assets.xcassets"; sourceTree = "<group>"; };
		8555C1642C42CDC7003F34A5 /* DependenciesProvider.swift */ = {isa = PBXFileReference; lastKnownFileType = sourcecode.swift; path = DependenciesProvider.swift; sourceTree = "<group>"; };
		8555C1672C42D701003F34A5 /* LocationsViewModel.swift */ = {isa = PBXFileReference; lastKnownFileType = sourcecode.swift; path = LocationsViewModel.swift; sourceTree = "<group>"; };
		8555C16F2C440568003F34A5 /* PlacesTests.xctest */ = {isa = PBXFileReference; explicitFileType = wrapper.cfbundle; includeInIndex = 0; path = PlacesTests.xctest; sourceTree = BUILT_PRODUCTS_DIR; };
		8555C18A2C442811003F34A5 /* LocationsViewModelTests.swift */ = {isa = PBXFileReference; lastKnownFileType = sourcecode.swift; path = LocationsViewModelTests.swift; sourceTree = "<group>"; };
		8555C1902C4438F6003F34A5 /* OpenLocationView.swift */ = {isa = PBXFileReference; lastKnownFileType = sourcecode.swift; path = OpenLocationView.swift; sourceTree = "<group>"; };
/* End PBXFileReference section */

/* Begin PBXFrameworksBuildPhase section */
		8555C1462C42B767003F34A5 /* Frameworks */ = {
			isa = PBXFrameworksBuildPhase;
			buildActionMask = 2147483647;
			files = (
				8555C1AB2C454D32003F34A5 /* PlistReader in Frameworks */,
				8555C19E2C4457CD003F34A5 /* PlacesUI in Frameworks */,
				8555C19B2C4453A4003F34A5 /* PlacesData in Frameworks */,
			);
			runOnlyForDeploymentPostprocessing = 0;
		};
		8555C16C2C440568003F34A5 /* Frameworks */ = {
			isa = PBXFrameworksBuildPhase;
			buildActionMask = 2147483647;
			files = (
				8555C1A32C445E36003F34A5 /* PlacesDataMocks in Frameworks */,
				8555C1A12C445AF1003F34A5 /* PlacesData in Frameworks */,
			);
			runOnlyForDeploymentPostprocessing = 0;
		};
/* End PBXFrameworksBuildPhase section */

/* Begin PBXGroup section */
		8555C1402C42B767003F34A5 = {
			isa = PBXGroup;
			children = (
				8555C14B2C42B767003F34A5 /* Places */,
				8555C1702C440568003F34A5 /* PlacesTests */,
				8555C14A2C42B767003F34A5 /* Products */,
				8555C19F2C445AF1003F34A5 /* Frameworks */,
			);
			sourceTree = "<group>";
		};
		8555C14A2C42B767003F34A5 /* Products */ = {
			isa = PBXGroup;
			children = (
				8555C1492C42B767003F34A5 /* Places.app */,
				8555C16F2C440568003F34A5 /* PlacesTests.xctest */,
			);
			name = Products;
			sourceTree = "<group>";
		};
		8555C14B2C42B767003F34A5 /* Places */ = {
			isa = PBXGroup;
			children = (
				8555C1A42C446A30003F34A5 /* App */,
				8555C1632C42CDB8003F34A5 /* DI */,
				8555C1522C42B768003F34A5 /* Preview Content */,
				8555C1942C444D1F003F34A5 /* Resources */,
				8555C15F2C42C642003F34A5 /* View */,
				8555C1662C42D6ED003F34A5 /* ViewModel */,
			);
			path = Places;
			sourceTree = "<group>";
		};
		8555C1522C42B768003F34A5 /* Preview Content */ = {
			isa = PBXGroup;
			children = (
				8555C1532C42B768003F34A5 /* Preview Assets.xcassets */,
			);
			path = "Preview Content";
			sourceTree = "<group>";
		};
		8555C15F2C42C642003F34A5 /* View */ = {
			isa = PBXGroup;
			children = (
				8555C14E2C42B767003F34A5 /* ContentView.swift */,
				8555C1902C4438F6003F34A5 /* OpenLocationView.swift */,
			);
			path = View;
			sourceTree = "<group>";
		};
		8555C1632C42CDB8003F34A5 /* DI */ = {
			isa = PBXGroup;
			children = (
				8555C1642C42CDC7003F34A5 /* DependenciesProvider.swift */,
			);
			path = DI;
			sourceTree = "<group>";
		};
		8555C1662C42D6ED003F34A5 /* ViewModel */ = {
			isa = PBXGroup;
			children = (
				8555C1672C42D701003F34A5 /* LocationsViewModel.swift */,
			);
			path = ViewModel;
			sourceTree = "<group>";
		};
		8555C1702C440568003F34A5 /* PlacesTests */ = {
			isa = PBXGroup;
			children = (
				8555C1892C4427F6003F34A5 /* ViewModel */,
			);
			path = PlacesTests;
			sourceTree = "<group>";
		};
		8555C1892C4427F6003F34A5 /* ViewModel */ = {
			isa = PBXGroup;
			children = (
				8555C18A2C442811003F34A5 /* LocationsViewModelTests.swift */,
			);
			path = ViewModel;
			sourceTree = "<group>";
		};
		8555C1942C444D1F003F34A5 /* Resources */ = {
			isa = PBXGroup;
			children = (
				8555C1502C42B768003F34A5 /* Assets.xcassets */,
			);
			path = Resources;
			sourceTree = "<group>";
		};
		8555C19F2C445AF1003F34A5 /* Frameworks */ = {
			isa = PBXGroup;
			children = (
			);
			name = Frameworks;
			sourceTree = "<group>";
		};
		8555C1A42C446A30003F34A5 /* App */ = {
			isa = PBXGroup;
			children = (
				8555C14C2C42B767003F34A5 /* PlacesApp.swift */,
			);
			path = App;
			sourceTree = "<group>";
		};
/* End PBXGroup section */

/* Begin PBXNativeTarget section */
		8555C1482C42B767003F34A5 /* Places */ = {
			isa = PBXNativeTarget;
			buildConfigurationList = 8555C1572C42B768003F34A5 /* Build configuration list for PBXNativeTarget "Places" */;
			buildPhases = (
				8555C1452C42B767003F34A5 /* Sources */,
				8555C1462C42B767003F34A5 /* Frameworks */,
				8555C1472C42B767003F34A5 /* Resources */,
			);
			buildRules = (
			);
			dependencies = (
			);
			name = Places;
			packageProductDependencies = (
				8555C19A2C4453A4003F34A5 /* PlacesData */,
				8555C19D2C4457CD003F34A5 /* PlacesUI */,
				8555C1AA2C454D32003F34A5 /* PlistReader */,
			);
			productName = Places;
			productReference = 8555C1492C42B767003F34A5 /* Places.app */;
			productType = "com.apple.product-type.application";
		};
		8555C16E2C440568003F34A5 /* PlacesTests */ = {
			isa = PBXNativeTarget;
			buildConfigurationList = 8555C1752C440568003F34A5 /* Build configuration list for PBXNativeTarget "PlacesTests" */;
			buildPhases = (
				8555C16B2C440568003F34A5 /* Sources */,
				8555C16C2C440568003F34A5 /* Frameworks */,
				8555C16D2C440568003F34A5 /* Resources */,
			);
			buildRules = (
			);
			dependencies = (
				8555C1742C440568003F34A5 /* PBXTargetDependency */,
			);
			name = PlacesTests;
			packageProductDependencies = (
				8555C1A02C445AF1003F34A5 /* PlacesData */,
				8555C1A22C445E36003F34A5 /* PlacesDataMocks */,
			);
			productName = PlacesTests;
			productReference = 8555C16F2C440568003F34A5 /* PlacesTests.xctest */;
			productType = "com.apple.product-type.bundle.unit-test";
		};
/* End PBXNativeTarget section */

/* Begin PBXProject section */
		8555C1412C42B767003F34A5 /* Project object */ = {
			isa = PBXProject;
			attributes = {
				BuildIndependentTargetsInParallel = 1;
				LastSwiftUpdateCheck = 1540;
				LastUpgradeCheck = 1540;
				TargetAttributes = {
					8555C1482C42B767003F34A5 = {
						CreatedOnToolsVersion = 15.4;
					};
					8555C16E2C440568003F34A5 = {
						CreatedOnToolsVersion = 15.4;
						TestTargetID = 8555C1482C42B767003F34A5;
					};
				};
			};
			buildConfigurationList = 8555C1442C42B767003F34A5 /* Build configuration list for PBXProject "Places" */;
			compatibilityVersion = "Xcode 14.0";
			developmentRegion = en;
			hasScannedForEncodings = 0;
			knownRegions = (
				en,
				Base,
			);
			mainGroup = 8555C1402C42B767003F34A5;
			packageReferences = (
				8555C1992C4453A4003F34A5 /* XCLocalSwiftPackageReference "Dependencies/PlacesData" */,
				8555C19C2C4457CD003F34A5 /* XCLocalSwiftPackageReference "Dependencies/PlacesUI" */,
				8555C1A92C454D31003F34A5 /* XCLocalSwiftPackageReference "Dependencies/PlistReader" */,
			);
			productRefGroup = 8555C14A2C42B767003F34A5 /* Products */;
			projectDirPath = "";
			projectRoot = "";
			targets = (
				8555C1482C42B767003F34A5 /* Places */,
				8555C16E2C440568003F34A5 /* PlacesTests */,
			);
		};
/* End PBXProject section */

/* Begin PBXResourcesBuildPhase section */
		8555C1472C42B767003F34A5 /* Resources */ = {
			isa = PBXResourcesBuildPhase;
			buildActionMask = 2147483647;
			files = (
				8555C1542C42B768003F34A5 /* Preview Assets.xcassets in Resources */,
				8555C1512C42B768003F34A5 /* Assets.xcassets in Resources */,
			);
			runOnlyForDeploymentPostprocessing = 0;
		};
		8555C16D2C440568003F34A5 /* Resources */ = {
			isa = PBXResourcesBuildPhase;
			buildActionMask = 2147483647;
			files = (
			);
			runOnlyForDeploymentPostprocessing = 0;
		};
/* End PBXResourcesBuildPhase section */

/* Begin PBXSourcesBuildPhase section */
		8555C1452C42B767003F34A5 /* Sources */ = {
			isa = PBXSourcesBuildPhase;
			buildActionMask = 2147483647;
			files = (
				8555C1912C4438F6003F34A5 /* OpenLocationView.swift in Sources */,
				8555C14F2C42B767003F34A5 /* ContentView.swift in Sources */,
				8555C1682C42D701003F34A5 /* LocationsViewModel.swift in Sources */,
				8555C1652C42CDC7003F34A5 /* DependenciesProvider.swift in Sources */,
				8555C14D2C42B767003F34A5 /* PlacesApp.swift in Sources */,
			);
			runOnlyForDeploymentPostprocessing = 0;
		};
		8555C16B2C440568003F34A5 /* Sources */ = {
			isa = PBXSourcesBuildPhase;
			buildActionMask = 2147483647;
			files = (
				8555C18B2C442811003F34A5 /* LocationsViewModelTests.swift in Sources */,
			);
			runOnlyForDeploymentPostprocessing = 0;
		};
/* End PBXSourcesBuildPhase section */

/* Begin PBXTargetDependency section */
		8555C1742C440568003F34A5 /* PBXTargetDependency */ = {
			isa = PBXTargetDependency;
			target = 8555C1482C42B767003F34A5 /* Places */;
			targetProxy = 8555C1732C440568003F34A5 /* PBXContainerItemProxy */;
		};
/* End PBXTargetDependency section */

/* Begin XCBuildConfiguration section */
		8555C1552C42B768003F34A5 /* Debug */ = {
			isa = XCBuildConfiguration;
			buildSettings = {
				ALWAYS_SEARCH_USER_PATHS = NO;
				ASSETCATALOG_COMPILER_GENERATE_SWIFT_ASSET_SYMBOL_EXTENSIONS = YES;
				CLANG_ANALYZER_NONNULL = YES;
				CLANG_ANALYZER_NUMBER_OBJECT_CONVERSION = YES_AGGRESSIVE;
				CLANG_CXX_LANGUAGE_STANDARD = "gnu++20";
				CLANG_ENABLE_MODULES = YES;
				CLANG_ENABLE_OBJC_ARC = YES;
				CLANG_ENABLE_OBJC_WEAK = YES;
				CLANG_WARN_BLOCK_CAPTURE_AUTORELEASING = YES;
				CLANG_WARN_BOOL_CONVERSION = YES;
				CLANG_WARN_COMMA = YES;
				CLANG_WARN_CONSTANT_CONVERSION = YES;
				CLANG_WARN_DEPRECATED_OBJC_IMPLEMENTATIONS = YES;
				CLANG_WARN_DIRECT_OBJC_ISA_USAGE = YES_ERROR;
				CLANG_WARN_DOCUMENTATION_COMMENTS = YES;
				CLANG_WARN_EMPTY_BODY = YES;
				CLANG_WARN_ENUM_CONVERSION = YES;
				CLANG_WARN_INFINITE_RECURSION = YES;
				CLANG_WARN_INT_CONVERSION = YES;
				CLANG_WARN_NON_LITERAL_NULL_CONVERSION = YES;
				CLANG_WARN_OBJC_IMPLICIT_RETAIN_SELF = YES;
				CLANG_WARN_OBJC_LITERAL_CONVERSION = YES;
				CLANG_WARN_OBJC_ROOT_CLASS = YES_ERROR;
				CLANG_WARN_QUOTED_INCLUDE_IN_FRAMEWORK_HEADER = YES;
				CLANG_WARN_RANGE_LOOP_ANALYSIS = YES;
				CLANG_WARN_STRICT_PROTOTYPES = YES;
				CLANG_WARN_SUSPICIOUS_MOVE = YES;
				CLANG_WARN_UNGUARDED_AVAILABILITY = YES_AGGRESSIVE;
				CLANG_WARN_UNREACHABLE_CODE = YES;
				CLANG_WARN__DUPLICATE_METHOD_MATCH = YES;
				COPY_PHASE_STRIP = NO;
				DEBUG_INFORMATION_FORMAT = dwarf;
				ENABLE_STRICT_OBJC_MSGSEND = YES;
				ENABLE_TESTABILITY = YES;
				ENABLE_USER_SCRIPT_SANDBOXING = YES;
				GCC_C_LANGUAGE_STANDARD = gnu17;
				GCC_DYNAMIC_NO_PIC = NO;
				GCC_NO_COMMON_BLOCKS = YES;
				GCC_OPTIMIZATION_LEVEL = 0;
				GCC_PREPROCESSOR_DEFINITIONS = (
					"DEBUG=1",
					"$(inherited)",
				);
				GCC_WARN_64_TO_32_BIT_CONVERSION = YES;
				GCC_WARN_ABOUT_RETURN_TYPE = YES_ERROR;
				GCC_WARN_UNDECLARED_SELECTOR = YES;
				GCC_WARN_UNINITIALIZED_AUTOS = YES_AGGRESSIVE;
				GCC_WARN_UNUSED_FUNCTION = YES;
				GCC_WARN_UNUSED_VARIABLE = YES;
				IPHONEOS_DEPLOYMENT_TARGET = 17.5;
				LOCALIZATION_PREFERS_STRING_CATALOGS = YES;
				MTL_ENABLE_DEBUG_INFO = INCLUDE_SOURCE;
				MTL_FAST_MATH = YES;
				ONLY_ACTIVE_ARCH = YES;
				SDKROOT = iphoneos;
				SWIFT_ACTIVE_COMPILATION_CONDITIONS = "DEBUG $(inherited)";
				SWIFT_OPTIMIZATION_LEVEL = "-Onone";
			};
			name = Debug;
		};
		8555C1562C42B768003F34A5 /* Release */ = {
			isa = XCBuildConfiguration;
			buildSettings = {
				ALWAYS_SEARCH_USER_PATHS = NO;
				ASSETCATALOG_COMPILER_GENERATE_SWIFT_ASSET_SYMBOL_EXTENSIONS = YES;
				CLANG_ANALYZER_NONNULL = YES;
				CLANG_ANALYZER_NUMBER_OBJECT_CONVERSION = YES_AGGRESSIVE;
				CLANG_CXX_LANGUAGE_STANDARD = "gnu++20";
				CLANG_ENABLE_MODULES = YES;
				CLANG_ENABLE_OBJC_ARC = YES;
				CLANG_ENABLE_OBJC_WEAK = YES;
				CLANG_WARN_BLOCK_CAPTURE_AUTORELEASING = YES;
				CLANG_WARN_BOOL_CONVERSION = YES;
				CLANG_WARN_COMMA = YES;
				CLANG_WARN_CONSTANT_CONVERSION = YES;
				CLANG_WARN_DEPRECATED_OBJC_IMPLEMENTATIONS = YES;
				CLANG_WARN_DIRECT_OBJC_ISA_USAGE = YES_ERROR;
				CLANG_WARN_DOCUMENTATION_COMMENTS = YES;
				CLANG_WARN_EMPTY_BODY = YES;
				CLANG_WARN_ENUM_CONVERSION = YES;
				CLANG_WARN_INFINITE_RECURSION = YES;
				CLANG_WARN_INT_CONVERSION = YES;
				CLANG_WARN_NON_LITERAL_NULL_CONVERSION = YES;
				CLANG_WARN_OBJC_IMPLICIT_RETAIN_SELF = YES;
				CLANG_WARN_OBJC_LITERAL_CONVERSION = YES;
				CLANG_WARN_OBJC_ROOT_CLASS = YES_ERROR;
				CLANG_WARN_QUOTED_INCLUDE_IN_FRAMEWORK_HEADER = YES;
				CLANG_WARN_RANGE_LOOP_ANALYSIS = YES;
				CLANG_WARN_STRICT_PROTOTYPES = YES;
				CLANG_WARN_SUSPICIOUS_MOVE = YES;
				CLANG_WARN_UNGUARDED_AVAILABILITY = YES_AGGRESSIVE;
				CLANG_WARN_UNREACHABLE_CODE = YES;
				CLANG_WARN__DUPLICATE_METHOD_MATCH = YES;
				COPY_PHASE_STRIP = NO;
				DEBUG_INFORMATION_FORMAT = "dwarf-with-dsym";
				ENABLE_NS_ASSERTIONS = NO;
				ENABLE_STRICT_OBJC_MSGSEND = YES;
				ENABLE_USER_SCRIPT_SANDBOXING = YES;
				GCC_C_LANGUAGE_STANDARD = gnu17;
				GCC_NO_COMMON_BLOCKS = YES;
				GCC_WARN_64_TO_32_BIT_CONVERSION = YES;
				GCC_WARN_ABOUT_RETURN_TYPE = YES_ERROR;
				GCC_WARN_UNDECLARED_SELECTOR = YES;
				GCC_WARN_UNINITIALIZED_AUTOS = YES_AGGRESSIVE;
				GCC_WARN_UNUSED_FUNCTION = YES;
				GCC_WARN_UNUSED_VARIABLE = YES;
				IPHONEOS_DEPLOYMENT_TARGET = 17.5;
				LOCALIZATION_PREFERS_STRING_CATALOGS = YES;
				MTL_ENABLE_DEBUG_INFO = NO;
				MTL_FAST_MATH = YES;
				SDKROOT = iphoneos;
				SWIFT_COMPILATION_MODE = wholemodule;
				VALIDATE_PRODUCT = YES;
			};
			name = Release;
		};
		8555C1582C42B768003F34A5 /* Debug */ = {
			isa = XCBuildConfiguration;
			buildSettings = {
				ASSETCATALOG_COMPILER_APPICON_NAME = AppIcon;
				ASSETCATALOG_COMPILER_GLOBAL_ACCENT_COLOR_NAME = AccentColor;
				CODE_SIGN_STYLE = Automatic;
				CURRENT_PROJECT_VERSION = 1;
				DEVELOPMENT_ASSET_PATHS = "\"Places/Preview Content\"";
				ENABLE_PREVIEWS = YES;
				GENERATE_INFOPLIST_FILE = YES;
				INFOPLIST_KEY_UIApplicationSceneManifest_Generation = YES;
				INFOPLIST_KEY_UIApplicationSupportsIndirectInputEvents = YES;
				INFOPLIST_KEY_UILaunchScreen_Generation = YES;
				INFOPLIST_KEY_UISupportedInterfaceOrientations_iPad = "UIInterfaceOrientationPortrait UIInterfaceOrientationPortraitUpsideDown UIInterfaceOrientationLandscapeLeft UIInterfaceOrientationLandscapeRight";
				INFOPLIST_KEY_UISupportedInterfaceOrientations_iPhone = "UIInterfaceOrientationPortrait UIInterfaceOrientationLandscapeLeft UIInterfaceOrientationLandscapeRight";
				LD_RUNPATH_SEARCH_PATHS = (
					"$(inherited)",
					"@executable_path/Frameworks",
				);
				MARKETING_VERSION = 1.0;
				PRODUCT_BUNDLE_IDENTIFIER = com.abnamrotech.Places;
				PRODUCT_NAME = "$(TARGET_NAME)";
				SWIFT_EMIT_LOC_STRINGS = YES;
				SWIFT_VERSION = 5.0;
				TARGETED_DEVICE_FAMILY = "1,2";
			};
			name = Debug;
		};
		8555C1592C42B768003F34A5 /* Release */ = {
			isa = XCBuildConfiguration;
			buildSettings = {
				ASSETCATALOG_COMPILER_APPICON_NAME = AppIcon;
				ASSETCATALOG_COMPILER_GLOBAL_ACCENT_COLOR_NAME = AccentColor;
				CODE_SIGN_STYLE = Automatic;
				CURRENT_PROJECT_VERSION = 1;
				DEVELOPMENT_ASSET_PATHS = "\"Places/Preview Content\"";
				ENABLE_PREVIEWS = YES;
				GENERATE_INFOPLIST_FILE = YES;
				INFOPLIST_KEY_UIApplicationSceneManifest_Generation = YES;
				INFOPLIST_KEY_UIApplicationSupportsIndirectInputEvents = YES;
				INFOPLIST_KEY_UILaunchScreen_Generation = YES;
				INFOPLIST_KEY_UISupportedInterfaceOrientations_iPad = "UIInterfaceOrientationPortrait UIInterfaceOrientationPortraitUpsideDown UIInterfaceOrientationLandscapeLeft UIInterfaceOrientationLandscapeRight";
				INFOPLIST_KEY_UISupportedInterfaceOrientations_iPhone = "UIInterfaceOrientationPortrait UIInterfaceOrientationLandscapeLeft UIInterfaceOrientationLandscapeRight";
				LD_RUNPATH_SEARCH_PATHS = (
					"$(inherited)",
					"@executable_path/Frameworks",
				);
				MARKETING_VERSION = 1.0;
				PRODUCT_BUNDLE_IDENTIFIER = com.abnamrotech.Places;
				PRODUCT_NAME = "$(TARGET_NAME)";
				SWIFT_EMIT_LOC_STRINGS = YES;
				SWIFT_VERSION = 5.0;
				TARGETED_DEVICE_FAMILY = "1,2";
			};
			name = Release;
		};
		8555C1762C440568003F34A5 /* Debug */ = {
			isa = XCBuildConfiguration;
			buildSettings = {
				BUNDLE_LOADER = "$(TEST_HOST)";
				CODE_SIGN_STYLE = Automatic;
				CURRENT_PROJECT_VERSION = 1;
				GENERATE_INFOPLIST_FILE = YES;
				MARKETING_VERSION = 1.0;
				PRODUCT_BUNDLE_IDENTIFIER = com.abnamrotech.PlacesTests;
				PRODUCT_NAME = "$(TARGET_NAME)";
				SWIFT_EMIT_LOC_STRINGS = NO;
				SWIFT_VERSION = 5.0;
				TARGETED_DEVICE_FAMILY = "1,2";
				TEST_HOST = "$(BUILT_PRODUCTS_DIR)/Places.app/$(BUNDLE_EXECUTABLE_FOLDER_PATH)/Places";
			};
			name = Debug;
		};
		8555C1772C440568003F34A5 /* Release */ = {
			isa = XCBuildConfiguration;
			buildSettings = {
				BUNDLE_LOADER = "$(TEST_HOST)";
				CODE_SIGN_STYLE = Automatic;
				CURRENT_PROJECT_VERSION = 1;
				GENERATE_INFOPLIST_FILE = YES;
				MARKETING_VERSION = 1.0;
				PRODUCT_BUNDLE_IDENTIFIER = com.abnamrotech.PlacesTests;
				PRODUCT_NAME = "$(TARGET_NAME)";
				SWIFT_EMIT_LOC_STRINGS = NO;
				SWIFT_VERSION = 5.0;
				TARGETED_DEVICE_FAMILY = "1,2";
				TEST_HOST = "$(BUILT_PRODUCTS_DIR)/Places.app/$(BUNDLE_EXECUTABLE_FOLDER_PATH)/Places";
			};
			name = Release;
		};
/* End XCBuildConfiguration section */

/* Begin XCConfigurationList section */
		8555C1442C42B767003F34A5 /* Build configuration list for PBXProject "Places" */ = {
			isa = XCConfigurationList;
			buildConfigurations = (
				8555C1552C42B768003F34A5 /* Debug */,
				8555C1562C42B768003F34A5 /* Release */,
			);
			defaultConfigurationIsVisible = 0;
			defaultConfigurationName = Release;
		};
		8555C1572C42B768003F34A5 /* Build configuration list for PBXNativeTarget "Places" */ = {
			isa = XCConfigurationList;
			buildConfigurations = (
				8555C1582C42B768003F34A5 /* Debug */,
				8555C1592C42B768003F34A5 /* Release */,
			);
			defaultConfigurationIsVisible = 0;
			defaultConfigurationName = Release;
		};
		8555C1752C440568003F34A5 /* Build configuration list for PBXNativeTarget "PlacesTests" */ = {
			isa = XCConfigurationList;
			buildConfigurations = (
				8555C1762C440568003F34A5 /* Debug */,
				8555C1772C440568003F34A5 /* Release */,
			);
			defaultConfigurationIsVisible = 0;
			defaultConfigurationName = Release;
		};
/* End XCConfigurationList section */

/* Begin XCLocalSwiftPackageReference section */
		8555C1992C4453A4003F34A5 /* XCLocalSwiftPackageReference "Dependencies/PlacesData" */ = {
			isa = XCLocalSwiftPackageReference;
			relativePath = Dependencies/PlacesData;
		};
		8555C19C2C4457CD003F34A5 /* XCLocalSwiftPackageReference "Dependencies/PlacesUI" */ = {
			isa = XCLocalSwiftPackageReference;
			relativePath = Dependencies/PlacesUI;
		};
		8555C1A92C454D31003F34A5 /* XCLocalSwiftPackageReference "Dependencies/PlistReader" */ = {
			isa = XCLocalSwiftPackageReference;
			relativePath = Dependencies/PlistReader;
		};
/* End XCLocalSwiftPackageReference section */

/* Begin XCSwiftPackageProductDependency section */
		8555C19A2C4453A4003F34A5 /* PlacesData */ = {
			isa = XCSwiftPackageProductDependency;
			productName = PlacesData;
		};
		8555C19D2C4457CD003F34A5 /* PlacesUI */ = {
			isa = XCSwiftPackageProductDependency;
			productName = PlacesUI;
		};
		8555C1A02C445AF1003F34A5 /* PlacesData */ = {
			isa = XCSwiftPackageProductDependency;
			package = 8555C1992C4453A4003F34A5 /* XCLocalSwiftPackageReference "Dependencies/PlacesData" */;
			productName = PlacesData;
		};
		8555C1A22C445E36003F34A5 /* PlacesDataMocks */ = {
			isa = XCSwiftPackageProductDependency;
			package = 8555C1992C4453A4003F34A5 /* XCLocalSwiftPackageReference "Dependencies/PlacesData" */;
			productName = PlacesDataMocks;
		};
		8555C1AA2C454D32003F34A5 /* PlistReader */ = {
			isa = XCSwiftPackageProductDependency;
			productName = PlistReader;
		};
/* End XCSwiftPackageProductDependency section */
	};
	rootObject = 8555C1412C42B767003F34A5 /* Project object */;
}
